{
  "meteor": {},
  "dependencies": {
    "basePackages": {
      "reactive-schema": {
        "path": "."
      }
    },
    "packages": {
      "reactive-schema": {
        "path": "."
      },
      "reactive-objects": {
        "git": "https://github.com/CMToups/meteor-reactive-objects.git",
        "tag": "v0.4.2",
        "commit": "95ff83762b31ecf0398ee6417abbbe7135ce595a"
      },
      "validity": {
        "git": "https://github.com/Meteor-Reaction/meteor-validity.git",
        "tag": "v0.1.1",
        "commit": "c9a714262b1027ec12d15a5099f67cf971477de7"
      }
    }
  }
}
